
Microsoft Visual Studio Solution File, Format Version 12.00
# Visual Studio 14
VisualStudioVersion = 14.0.25420.1
MinimumVisualStudioVersion = 10.0.40219.1
Project("{FAE04EC0-301F-11D3-BF4B-00C04F79EFBC}") = "DataAccessLayer", "DataAccessLayer\DataAccessLayer.csproj", "{9D0EC3FE-49A7-4DA0-B12D-6D1750918099}"
EndProject
Project("{FAE04EC0-301F-11D3-BF4B-00C04F79EFBC}") = "BusinessLogicLayer", "BusinessLogicLayer\BusinessLogicLayer.csproj", "{7DD62BC3-F4E3-457C-8763-202B58BFB80D}"
EndProject
Project("{FAE04EC0-301F-11D3-BF4B-00C04F79EFBC}") = "PresantaionLayer", "PresantaionLayer\PresantaionLayer.csproj", "{3EDB73C1-846B-4E21-90D8-7A18E987A0BE}"
EndProject
Global
	GlobalSection(SolutionConfigurationPlatforms) = preSolution
		Debug|Any CPU = Debug|Any CPU
		Release|Any CPU = Release|Any CPU
	EndGlobalSection
	GlobalSection(ProjectConfigurationPlatforms) = postSolution
		{9D0EC3FE-49A7-4DA0-B12D-6D1750918099}.Debug|Any CPU.ActiveCfg = Debug|Any CPU
		{9D0EC3FE-49A7-4DA0-B12D-6D1750918099}.Debug|Any CPU.Build.0 = Debug|Any CPU
		{9D0EC3FE-49A7-4DA0-B12D-6D1750918099}.Release|Any CPU.ActiveCfg = Release|Any CPU
		{9D0EC3FE-49A7-4DA0-B12D-6D1750918099}.Release|Any CPU.Build.0 = Release|Any CPU
		{7DD62BC3-F4E3-457C-8763-202B58BFB80D}.Debug|Any CPU.ActiveCfg = Debug|Any CPU
		{7DD62BC3-F4E3-457C-8763-202B58BFB80D}.Debug|Any CPU.Build.0 = Debug|Any CPU
		{7DD62BC3-F4E3-457C-8763-202B58BFB80D}.Release|Any CPU.ActiveCfg = Release|Any CPU
		{7DD62BC3-F4E3-457C-8763-202B58BFB80D}.Release|Any CPU.Build.0 = Release|Any CPU
		{3EDB73C1-846B-4E21-90D8-7A18E987A0BE}.Debug|Any CPU.ActiveCfg = Debug|Any CPU
		{3EDB73C1-846B-4E21-90D8-7A18E987A0BE}.Debug|Any CPU.Build.0 = Debug|Any CPU
		{3EDB73C1-846B-4E21-90D8-7A18E987A0BE}.Release|Any CPU.ActiveCfg = Release|Any CPU
		{3EDB73C1-846B-4E21-90D8-7A18E987A0BE}.Release|Any CPU.Build.0 = Release|Any CPU
	EndGlobalSection
	GlobalSection(SolutionProperties) = preSolution
		HideSolutionNode = FALSE
	EndGlobalSection
EndGlobal
